// !$*UTF8*$!
{
	archiveVersion = 1;
	classes = {
	};
	objectVersion = 46;
	objects = {

/* Begin PBXBuildFile section */
		8358493D1DCFDA5F0084C0B9 /* FavoritesTableViewController.swift in Sources */ = {isa = PBXBuildFile; fileRef = 8358493C1DCFDA5F0084C0B9 /* FavoritesTableViewController.swift */; };
		839AF3031DCF969100DCE9C8 /* AppDelegate.swift in Sources */ = {isa = PBXBuildFile; fileRef = 839AF3021DCF969100DCE9C8 /* AppDelegate.swift */; };
		839AF3051DCF969100DCE9C8 /* FavoritesListTableViewController.swift in Sources */ = {isa = PBXBuildFile; fileRef = 839AF3041DCF969100DCE9C8 /* FavoritesListTableViewController.swift */; };
		839AF3081DCF969100DCE9C8 /* Main.storyboard in Resources */ = {isa = PBXBuildFile; fileRef = 839AF3061DCF969100DCE9C8 /* Main.storyboard */; };
		839AF30B1DCF969100DCE9C8 /* FavoriteThings.xcdatamodeld in Sources */ = {isa = PBXBuildFile; fileRef = 839AF3091DCF969100DCE9C8 /* FavoriteThings.xcdatamodeld */; };
		839AF30D1DCF969100DCE9C8 /* Assets.xcassets in Resources */ = {isa = PBXBuildFile; fileRef = 839AF30C1DCF969100DCE9C8 /* Assets.xcassets */; };
		839AF3101DCF969100DCE9C8 /* LaunchScreen.storyboard in Resources */ = {isa = PBXBuildFile; fileRef = 839AF30E1DCF969100DCE9C8 /* LaunchScreen.storyboard */; };
		839AF31B1DCF969100DCE9C8 /* FavoriteThingsTests.swift in Sources */ = {isa = PBXBuildFile; fileRef = 839AF31A1DCF969100DCE9C8 /* FavoriteThingsTests.swift */; };
		83F7FC581DCF9CDD003F682A /* Model in Resources */ = {isa = PBXBuildFile; fileRef = 83F7FC571DCF9CDD003F682A /* Model */; };
/* End PBXBuildFile section */

/* Begin PBXContainerItemProxy section */
		839AF3171DCF969100DCE9C8 /* PBXContainerItemProxy */ = {
			isa = PBXContainerItemProxy;
			containerPortal = 839AF2F71DCF969100DCE9C8 /* Project object */;
			proxyType = 1;
			remoteGlobalIDString = 839AF2FE1DCF969100DCE9C8;
			remoteInfo = FavoriteThings;
		};
/* End PBXContainerItemProxy section */

/* Begin PBXFileReference section */
		8358493C1DCFDA5F0084C0B9 /* FavoritesTableViewController.swift */ = {isa = PBXFileReference; fileEncoding = 4; lastKnownFileType = sourcecode.swift; path = FavoritesTableViewController.swift; sourceTree = "<group>"; };
		839AF2FF1DCF969100DCE9C8 /* FavoriteThings.app */ = {isa = PBXFileReference; explicitFileType = wrapper.application; includeInIndex = 0; path = FavoriteThings.app; sourceTree = BUILT_PRODUCTS_DIR; };
		839AF3021DCF969100DCE9C8 /* AppDelegate.swift */ = {isa = PBXFileReference; lastKnownFileType = sourcecode.swift; path = AppDelegate.swift; sourceTree = "<group>"; };
		839AF3041DCF969100DCE9C8 /* FavoritesListTableViewController.swift */ = {isa = PBXFileReference; lastKnownFileType = sourcecode.swift; path = FavoritesListTableViewController.swift; sourceTree = "<group>"; };
		839AF3071DCF969100DCE9C8 /* Base */ = {isa = PBXFileReference; lastKnownFileType = file.storyboard; name = Base; path = Base.lproj/Main.storyboard; sourceTree = "<group>"; };
		839AF30A1DCF969100DCE9C8 /* FavoriteThings.xcdatamodel */ = {isa = PBXFileReference; lastKnownFileType = wrapper.xcdatamodel; path = FavoriteThings.xcdatamodel; sourceTree = "<group>"; };
		839AF30C1DCF969100DCE9C8 /* Assets.xcassets */ = {isa = PBXFileReference; lastKnownFileType = folder.assetcatalog; path = Assets.xcassets; sourceTree = "<group>"; };
		839AF30F1DCF969100DCE9C8 /* Base */ = {isa = PBXFileReference; lastKnownFileType = file.storyboard; name = Base; path = Base.lproj/LaunchScreen.storyboard; sourceTree = "<group>"; };
		839AF3111DCF969100DCE9C8 /* Info.plist */ = {isa = PBXFileReference; lastKnownFileType = text.plist.xml; path = Info.plist; sourceTree = "<group>"; };
		839AF3161DCF969100DCE9C8 /* FavoriteThingsTests.xctest */ = {isa = PBXFileReference; explicitFileType = wrapper.cfbundle; includeInIndex = 0; path = FavoriteThingsTests.xctest; sourceTree = BUILT_PRODUCTS_DIR; };
		839AF31A1DCF969100DCE9C8 /* FavoriteThingsTests.swift */ = {isa = PBXFileReference; lastKnownFileType = sourcecode.swift; path = FavoriteThingsTests.swift; sourceTree = "<group>"; };
		839AF31C1DCF969100DCE9C8 /* Info.plist */ = {isa = PBXFileReference; lastKnownFileType = text.plist.xml; path = Info.plist; sourceTree = "<group>"; };
		83F7FC571DCF9CDD003F682A /* Model */ = {isa = PBXFileReference; lastKnownFileType = folder; path = Model; sourceTree = "<group>"; };
/* End PBXFileReference section */

/* Begin PBXFrameworksBuildPhase section */
		839AF2FC1DCF969100DCE9C8 /* Frameworks */ = {
			isa = PBXFrameworksBuildPhase;
			buildActionMask = 2147483647;
			files = (
			);
			runOnlyForDeploymentPostprocessing = 0;
		};
		839AF3131DCF969100DCE9C8 /* Frameworks */ = {
			isa = PBXFrameworksBuildPhase;
			buildActionMask = 2147483647;
			files = (
			);
			runOnlyForDeploymentPostprocessing = 0;
		};
/* End PBXFrameworksBuildPhase section */

/* Begin PBXGroup section */
		839AF2F61DCF969100DCE9C8 = {
			isa = PBXGroup;
			children = (
				839AF3011DCF969100DCE9C8 /* FavoriteThings */,
				839AF3191DCF969100DCE9C8 /* FavoriteThingsTests */,
				839AF3001DCF969100DCE9C8 /* Products */,
			);
			sourceTree = "<group>";
		};
		839AF3001DCF969100DCE9C8 /* Products */ = {
			isa = PBXGroup;
			children = (
				839AF2FF1DCF969100DCE9C8 /* FavoriteThings.app */,
				839AF3161DCF969100DCE9C8 /* FavoriteThingsTests.xctest */,
			);
			name = Products;
			sourceTree = "<group>";
		};
		839AF3011DCF969100DCE9C8 /* FavoriteThings */ = {
			isa = PBXGroup;
			children = (
				83F7FC571DCF9CDD003F682A /* Model */,
				839AF3021DCF969100DCE9C8 /* AppDelegate.swift */,
				839AF3041DCF969100DCE9C8 /* FavoritesListTableViewController.swift */,
				839AF3061DCF969100DCE9C8 /* Main.storyboard */,
				839AF30C1DCF969100DCE9C8 /* Assets.xcassets */,
				839AF30E1DCF969100DCE9C8 /* LaunchScreen.storyboard */,
				839AF3111DCF969100DCE9C8 /* Info.plist */,
				839AF3091DCF969100DCE9C8 /* FavoriteThings.xcdatamodeld */,
				8358493C1DCFDA5F0084C0B9 /* FavoritesTableViewController.swift */,
			);
			path = FavoriteThings;
			sourceTree = "<group>";
		};
		839AF3191DCF969100DCE9C8 /* FavoriteThingsTests */ = {
			isa = PBXGroup;
			children = (
				839AF31A1DCF969100DCE9C8 /* FavoriteThingsTests.swift */,
				839AF31C1DCF969100DCE9C8 /* Info.plist */,
			);
			path = FavoriteThingsTests;
			sourceTree = "<group>";
		};
/* End PBXGroup section */

/* Begin PBXNativeTarget section */
		839AF2FE1DCF969100DCE9C8 /* FavoriteThings */ = {
			isa = PBXNativeTarget;
			buildConfigurationList = 839AF31F1DCF969100DCE9C8 /* Build configuration list for PBXNativeTarget "FavoriteThings" */;
			buildPhases = (
				839AF2FB1DCF969100DCE9C8 /* Sources */,
				839AF2FC1DCF969100DCE9C8 /* Frameworks */,
				839AF2FD1DCF969100DCE9C8 /* Resources */,
			);
			buildRules = (
			);
			dependencies = (
			);
			name = FavoriteThings;
			productName = FavoriteThings;
			productReference = 839AF2FF1DCF969100DCE9C8 /* FavoriteThings.app */;
			productType = "com.apple.product-type.application";
		};
		839AF3151DCF969100DCE9C8 /* FavoriteThingsTests */ = {
			isa = PBXNativeTarget;
			buildConfigurationList = 839AF3221DCF969100DCE9C8 /* Build configuration list for PBXNativeTarget "FavoriteThingsTests" */;
			buildPhases = (
				839AF3121DCF969100DCE9C8 /* Sources */,
				839AF3131DCF969100DCE9C8 /* Frameworks */,
				839AF3141DCF969100DCE9C8 /* Resources */,
			);
			buildRules = (
			);
			dependencies = (
				839AF3181DCF969100DCE9C8 /* PBXTargetDependency */,
			);
			name = FavoriteThingsTests;
			productName = FavoriteThingsTests;
			productReference = 839AF3161DCF969100DCE9C8 /* FavoriteThingsTests.xctest */;
			productType = "com.apple.product-type.bundle.unit-test";
		};
/* End PBXNativeTarget section */

/* Begin PBXProject section */
		839AF2F71DCF969100DCE9C8 /* Project object */ = {
			isa = PBXProject;
			attributes = {
				LastSwiftUpdateCheck = 0810;
				LastUpgradeCheck = 0810;
				ORGANIZATIONNAME = chris;
				TargetAttributes = {
					839AF2FE1DCF969100DCE9C8 = {
						CreatedOnToolsVersion = 8.1;
						ProvisioningStyle = Automatic;
					};
					839AF3151DCF969100DCE9C8 = {
						CreatedOnToolsVersion = 8.1;
						DevelopmentTeam = 6SV6932H64;
						ProvisioningStyle = Automatic;
						TestTargetID = 839AF2FE1DCF969100DCE9C8;
					};
				};
			};
			buildConfigurationList = 839AF2FA1DCF969100DCE9C8 /* Build configuration list for PBXProject "FavoriteThings" */;
			compatibilityVersion = "Xcode 3.2";
			developmentRegion = English;
			hasScannedForEncodings = 0;
			knownRegions = (
				en,
				Base,
			);
			mainGroup = 839AF2F61DCF969100DCE9C8;
			productRefGroup = 839AF3001DCF969100DCE9C8 /* Products */;
			projectDirPath = "";
			projectRoot = "";
			targets = (
				839AF2FE1DCF969100DCE9C8 /* FavoriteThings */,
				839AF3151DCF969100DCE9C8 /* FavoriteThingsTests */,
			);
		};
/* End PBXProject section */

/* Begin PBXResourcesBuildPhase section */
		839AF2FD1DCF969100DCE9C8 /* Resources */ = {
			isa = PBXResourcesBuildPhase;
			buildActionMask = 2147483647;
			files = (
				839AF3101DCF969100DCE9C8 /* LaunchScreen.storyboard in Resources */,
				839AF30D1DCF969100DCE9C8 /* Assets.xcassets in Resources */,
				83F7FC581DCF9CDD003F682A /* Model in Resources */,
				839AF3081DCF969100DCE9C8 /* Main.storyboard in Resources */,
			);
			runOnlyForDeploymentPostprocessing = 0;
		};
		839AF3141DCF969100DCE9C8 /* Resources */ = {
			isa = PBXResourcesBuildPhase;
			buildActionMask = 2147483647;
			files = (
			);
			runOnlyForDeploymentPostprocessing = 0;
		};
/* End PBXResourcesBuildPhase section */

/* Begin PBXSourcesBuildPhase section */
		839AF2FB1DCF969100DCE9C8 /* Sources */ = {
			isa = PBXSourcesBuildPhase;
			buildActionMask = 2147483647;
			files = (
				839AF3051DCF969100DCE9C8 /* FavoritesListTableViewController.swift in Sources */,
				839AF3031DCF969100DCE9C8 /* AppDelegate.swift in Sources */,
				839AF30B1DCF969100DCE9C8 /* FavoriteThings.xcdatamodeld in Sources */,
				8358493D1DCFDA5F0084C0B9 /* FavoritesTableViewController.swift in Sources */,
			);
			runOnlyForDeploymentPostprocessing = 0;
		};
		839AF3121DCF969100DCE9C8 /* Sources */ = {
			isa = PBXSourcesBuildPhase;
			buildActionMask = 2147483647;
			files = (
				839AF31B1DCF969100DCE9C8 /* FavoriteThingsTests.swift in Sources */,
			);
			runOnlyForDeploymentPostprocessing = 0;
		};
/* End PBXSourcesBuildPhase section */

/* Begin PBXTargetDependency section */
		839AF3181DCF969100DCE9C8 /* PBXTargetDependency */ = {
			isa = PBXTargetDependency;
			target = 839AF2FE1DCF969100DCE9C8 /* FavoriteThings */;
			targetProxy = 839AF3171DCF969100DCE9C8 /* PBXContainerItemProxy */;
		};
/* End PBXTargetDependency section */

/* Begin PBXVariantGroup section */
		839AF3061DCF969100DCE9C8 /* Main.storyboard */ = {
			isa = PBXVariantGroup;
			children = (
				839AF3071DCF969100DCE9C8 /* Base */,
			);
			name = Main.storyboard;
			sourceTree = "<group>";
		};
		839AF30E1DCF969100DCE9C8 /* LaunchScreen.storyboard */ = {
			isa = PBXVariantGroup;
			children = (
				839AF30F1DCF969100DCE9C8 /* Base */,
			);
			name = LaunchScreen.storyboard;
			sourceTree = "<group>";
		};
/* End PBXVariantGroup section */

/* Begin XCBuildConfiguration section */
		839AF31D1DCF969100DCE9C8 /* Debug */ = {
			isa = XCBuildConfiguration;
			buildSettings = {
				ALWAYS_SEARCH_USER_PATHS = NO;
				CLANG_ANALYZER_NONNULL = YES;
				CLANG_CXX_LANGUAGE_STANDARD = "gnu++0x";
				CLANG_CXX_LIBRARY = "libc++";
				CLANG_ENABLE_MODULES = YES;
				CLANG_ENABLE_OBJC_ARC = YES;
				CLANG_WARN_BOOL_CONVERSION = YES;
				CLANG_WARN_CONSTANT_CONVERSION = YES;
				CLANG_WARN_DIRECT_OBJC_ISA_USAGE = YES_ERROR;
				CLANG_WARN_DOCUMENTATION_COMMENTS = YES;
				CLANG_WARN_EMPTY_BODY = YES;
				CLANG_WARN_ENUM_CONVERSION = YES;
				CLANG_WARN_INFINITE_RECURSION = YES;
				CLANG_WARN_INT_CONVERSION = YES;
				CLANG_WARN_OBJC_ROOT_CLASS = YES_ERROR;
				CLANG_WARN_SUSPICIOUS_MOVES = YES;
				CLANG_WARN_UNREACHABLE_CODE = YES;
				CLANG_WARN__DUPLICATE_METHOD_MATCH = YES;
				"CODE_SIGN_IDENTITY[sdk=iphoneos*]" = "iPhone Developer";
				COPY_PHASE_STRIP = NO;
				DEBUG_INFORMATION_FORMAT = dwarf;
				ENABLE_STRICT_OBJC_MSGSEND = YES;
				ENABLE_TESTABILITY = YES;
				GCC_C_LANGUAGE_STANDARD = gnu99;
				GCC_DYNAMIC_NO_PIC = NO;
				GCC_NO_COMMON_BLOCKS = YES;
				GCC_OPTIMIZATION_LEVEL = 0;
				GCC_PREPROCESSOR_DEFINITIONS = (
					"DEBUG=1",
					"$(inherited)",
				);
				GCC_WARN_64_TO_32_BIT_CONVERSION = YES;
				GCC_WARN_ABOUT_RETURN_TYPE = YES_ERROR;
				GCC_WARN_UNDECLARED_SELECTOR = YES;
				GCC_WARN_UNINITIALIZED_AUTOS = YES_AGGRESSIVE;
				GCC_WARN_UNUSED_FUNCTION = YES;
				GCC_WARN_UNUSED_VARIABLE = YES;
				IPHONEOS_DEPLOYMENT_TARGET = 10.1;
				MTL_ENABLE_DEBUG_INFO = YES;
				ONLY_ACTIVE_ARCH = YES;
				SDKROOT = iphoneos;
				SWIFT_ACTIVE_COMPILATION_CONDITIONS = DEBUG;
				SWIFT_OPTIMIZATION_LEVEL = "-Onone";
				TARGETED_DEVICE_FAMILY = "1,2";
			};
			name = Debug;
		};
		839AF31E1DCF969100DCE9C8 /* Release */ = {
			isa = XCBuildConfiguration;
			buildSettings = {
				ALWAYS_SEARCH_USER_PATHS = NO;
				CLANG_ANALYZER_NONNULL = YES;
				CLANG_CXX_LANGUAGE_STANDARD = "gnu++0x";
				CLANG_CXX_LIBRARY = "libc++";
				CLANG_ENABLE_MODULES = YES;
				CLANG_ENABLE_OBJC_ARC = YES;
				CLANG_WARN_BOOL_CONVERSION = YES;
				CLANG_WARN_CONSTANT_CONVERSION = YES;
				CLANG_WARN_DIRECT_OBJC_ISA_USAGE = YES_ERROR;
				CLANG_WARN_DOCUMENTATION_COMMENTS = YES;
				CLANG_WARN_EMPTY_BODY = YES;
				CLANG_WARN_ENUM_CONVERSION = YES;
				CLANG_WARN_INFINITE_RECURSION = YES;
				CLANG_WARN_INT_CONVERSION = YES;
				CLANG_WARN_OBJC_ROOT_CLASS = YES_ERROR;
				CLANG_WARN_SUSPICIOUS_MOVES = YES;
				CLANG_WARN_UNREACHABLE_CODE = YES;
				CLANG_WARN__DUPLICATE_METHOD_MATCH = YES;
				"CODE_SIGN_IDENTITY[sdk=iphoneos*]" = "iPhone Developer";
				COPY_PHASE_STRIP = NO;
				DEBUG_INFORMATION_FORMAT = "dwarf-with-dsym";
				ENABLE_NS_ASSERTIONS = NO;
				ENABLE_STRICT_OBJC_MSGSEND = YES;
				GCC_C_LANGUAGE_STANDARD = gnu99;
				GCC_NO_COMMON_BLOCKS = YES;
				GCC_WARN_64_TO_32_BIT_CONVERSION = YES;
				GCC_WARN_ABOUT_RETURN_TYPE = YES_ERROR;
				GCC_WARN_UNDECLARED_SELECTOR = YES;
				GCC_WARN_UNINITIALIZED_AUTOS = YES_AGGRESSIVE;
				GCC_WARN_UNUSED_FUNCTION = YES;
				GCC_WARN_UNUSED_VARIABLE = YES;
				IPHONEOS_DEPLOYMENT_TARGET = 10.1;
				MTL_ENABLE_DEBUG_INFO = NO;
				SDKROOT = iphoneos;
				SWIFT_OPTIMIZATION_LEVEL = "-Owholemodule";
				TARGETED_DEVICE_FAMILY = "1,2";
				VALIDATE_PRODUCT = YES;
			};
			name = Release;
		};
		839AF3201DCF969100DCE9C8 /* Debug */ = {
			isa = XCBuildConfiguration;
			buildSettings = {
				ASSETCATALOG_COMPILER_APPICON_NAME = AppIcon;
				DEVELOPMENT_TEAM = "";
				INFOPLIST_FILE = FavoriteThings/Info.plist;
				IPHONEOS_DEPLOYMENT_TARGET = 10.0;
				LD_RUNPATH_SEARCH_PATHS = "$(inherited) @executable_path/Frameworks";
				PRODUCT_BUNDLE_IDENTIFIER = FavoriteThing;
				PRODUCT_NAME = "$(TARGET_NAME)";
				SWIFT_VERSION = 3.0;
				TARGETED_DEVICE_FAMILY = 1;
			};
			name = Debug;
		};
		839AF3211DCF969100DCE9C8 /* Release */ = {
			isa = XCBuildConfiguration;
			buildSettings = {
				ASSETCATALOG_COMPILER_APPICON_NAME = AppIcon;
				DEVELOPMENT_TEAM = "";
				INFOPLIST_FILE = FavoriteThings/Info.plist;
				IPHONEOS_DEPLOYMENT_TARGET = 10.0;
				LD_RUNPATH_SEARCH_PATHS = "$(inherited) @executable_path/Frameworks";
				PRODUCT_BUNDLE_IDENTIFIER = FavoriteThing;
				PRODUCT_NAME = "$(TARGET_NAME)";
				SWIFT_VERSION = 3.0;
				TARGETED_DEVICE_FAMILY = 1;
			};
			name = Release;
		};
		839AF3231DCF969100DCE9C8 /* Debug */ = {
			isa = XCBuildConfiguration;
			buildSettings = {
				ALWAYS_EMBED_SWIFT_STANDARD_LIBRARIES = YES;
				BUNDLE_LOADER = "$(TEST_HOST)";
				DEVELOPMENT_TEAM = 6SV6932H64;
				INFOPLIST_FILE = FavoriteThingsTests/Info.plist;
				LD_RUNPATH_SEARCH_PATHS = "$(inherited) @executable_path/Frameworks @loader_path/Frameworks";
				PRODUCT_BUNDLE_IDENTIFIER = self.FavoriteThingsTests;
				PRODUCT_NAME = "$(TARGET_NAME)";
				SWIFT_VERSION = 3.0;
				TEST_HOST = "$(BUILT_PRODUCTS_DIR)/FavoriteThings.app/FavoriteThings";
			};
			name = Debug;
		};
		839AF3241DCF969100DCE9C8 /* Release */ = {
			isa = XCBuildConfiguration;
			buildSettings = {
				ALWAYS_EMBED_SWIFT_STANDARD_LIBRARIES = YES;
				BUNDLE_LOADER = "$(TEST_HOST)";
				DEVELOPMENT_TEAM = 6SV6932H64;
				INFOPLIST_FILE = FavoriteThingsTests/Info.plist;
				LD_RUNPATH_SEARCH_PATHS = "$(inherited) @executable_path/Frameworks @loader_path/Frameworks";
				PRODUCT_BUNDLE_IDENTIFIER = self.FavoriteThingsTests;
				PRODUCT_NAME = "$(TARGET_NAME)";
				SWIFT_VERSION = 3.0;
				TEST_HOST = "$(BUILT_PRODUCTS_DIR)/FavoriteThings.app/FavoriteThings";
			};
			name = Release;
		};
/* End XCBuildConfiguration section */

/* Begin XCConfigurationList section */
		839AF2FA1DCF969100DCE9C8 /* Build configuration list for PBXProject "FavoriteThings" */ = {
			isa = XCConfigurationList;
			buildConfigurations = (
				839AF31D1DCF969100DCE9C8 /* Debug */,
				839AF31E1DCF969100DCE9C8 /* Release */,
			);
			defaultConfigurationIsVisible = 0;
			defaultConfigurationName = Release;
		};
		839AF31F1DCF969100DCE9C8 /* Build configuration list for PBXNativeTarget "FavoriteThings" */ = {
			isa = XCConfigurationList;
			buildConfigurations = (
				839AF3201DCF969100DCE9C8 /* Debug */,
				839AF3211DCF969100DCE9C8 /* Release */,
			);
			defaultConfigurationIsVisible = 0;
			defaultConfigurationName = Release;
		};
		839AF3221DCF969100DCE9C8 /* Build configuration list for PBXNativeTarget "FavoriteThingsTests" */ = {
			isa = XCConfigurationList;
			buildConfigurations = (
				839AF3231DCF969100DCE9C8 /* Debug */,
				839AF3241DCF969100DCE9C8 /* Release */,
			);
			defaultConfigurationIsVisible = 0;
			defaultConfigurationName = Release;
		};
/* End XCConfigurationList section */

/* Begin XCVersionGroup section */
		839AF3091DCF969100DCE9C8 /* FavoriteThings.xcdatamodeld */ = {
			isa = XCVersionGroup;
			children = (
				839AF30A1DCF969100DCE9C8 /* FavoriteThings.xcdatamodel */,
			);
			currentVersion = 839AF30A1DCF969100DCE9C8 /* FavoriteThings.xcdatamodel */;
			path = FavoriteThings.xcdatamodeld;
			sourceTree = "<group>";
			versionGroupType = wrapper.xcdatamodel;
		};
/* End XCVersionGroup section */
	};
	rootObject = 839AF2F71DCF969100DCE9C8 /* Project object */;
}
